
Microsoft Visual Studio Solution File, Format Version 12.00
# Visual Studio Version 17
VisualStudioVersion = 17.5.002.0
MinimumVisualStudioVersion = 10.0.40219.1
Project("{9A19103F-16F7-4668-BE54-9A1E7A4F7556}") = "VendorApp", "VendorApp.csproj", "{04C9EE79-1371-4ACC-B36B-51645971A531}"
EndProject
Global
	GlobalSection(SolutionConfigurationPlatforms) = preSolution
		Debug|Any CPU = Debug|Any CPU
		Release|Any CPU = Release|Any CPU
	EndGlobalSection
	GlobalSection(ProjectConfigurationPlatforms) = postSolution
		{04C9EE79-1371-4ACC-B36B-51645971A531}.Debug|Any CPU.ActiveCfg = Debug|Any CPU
		{04C9EE79-1371-4ACC-B36B-51645971A531}.Debug|Any CPU.Build.0 = Debug|Any CPU
		{04C9EE79-1371-4ACC-B36B-51645971A531}.Release|Any CPU.ActiveCfg = Release|Any CPU
		{04C9EE79-1371-4ACC-B36B-51645971A531}.Release|Any CPU.Build.0 = Release|Any CPU
	EndGlobalSection
	GlobalSection(SolutionProperties) = preSolution
		HideSolutionNode = FALSE
	EndGlobalSection
	GlobalSection(ExtensibilityGlobals) = postSolution
		SolutionGuid = {3DB2DD3C-F36A-41FA-A8B6-548B21D266A7}
	EndGlobalSection
EndGlobal
